// !$*UTF8*$!
{
	archiveVersion = 1;
	classes = {
	};
	objectVersion = 46;
	objects = {

/* Begin PBXBuildFile section */
		6753CB7966985912E5BDB6C5 /* Pods_LYNetworkingTests.framework in Frameworks */ = {isa = PBXBuildFile; fileRef = 64DBE7838C2C4E3284F70527 /* Pods_LYNetworkingTests.framework */; };
		88CD162A643575E16696C323 /* Pods_LYNetworking.framework in Frameworks */ = {isa = PBXBuildFile; fileRef = 2B313917F32B4A4FBC96B96E /* Pods_LYNetworking.framework */; };
		CDEE05171EABAE6D00EDCAA1 /* main.m in Sources */ = {isa = PBXBuildFile; fileRef = CDEE05161EABAE6D00EDCAA1 /* main.m */; };
		CDEE051A1EABAE6D00EDCAA1 /* AppDelegate.m in Sources */ = {isa = PBXBuildFile; fileRef = CDEE05191EABAE6D00EDCAA1 /* AppDelegate.m */; };
		CDEE051D1EABAE6D00EDCAA1 /* ViewController.m in Sources */ = {isa = PBXBuildFile; fileRef = CDEE051C1EABAE6D00EDCAA1 /* ViewController.m */; };
		CDEE05201EABAE6D00EDCAA1 /* Main.storyboard in Resources */ = {isa = PBXBuildFile; fileRef = CDEE051E1EABAE6D00EDCAA1 /* Main.storyboard */; };
		CDEE05221EABAE6D00EDCAA1 /* Assets.xcassets in Resources */ = {isa = PBXBuildFile; fileRef = CDEE05211EABAE6D00EDCAA1 /* Assets.xcassets */; };
		CDEE05251EABAE6D00EDCAA1 /* LaunchScreen.storyboard in Resources */ = {isa = PBXBuildFile; fileRef = CDEE05231EABAE6D00EDCAA1 /* LaunchScreen.storyboard */; };
		CDEE05301EABAE6E00EDCAA1 /* LYNetworkingTests.m in Sources */ = {isa = PBXBuildFile; fileRef = CDEE052F1EABAE6E00EDCAA1 /* LYNetworkingTests.m */; };
		CDEE053E1EABAFFD00EDCAA1 /* LICENSE in Resources */ = {isa = PBXBuildFile; fileRef = CDEE053B1EABAFFD00EDCAA1 /* LICENSE */; };
		CDEE053F1EABAFFD00EDCAA1 /* LYNetworking.podspec in Resources */ = {isa = PBXBuildFile; fileRef = CDEE053C1EABAFFD00EDCAA1 /* LYNetworking.podspec */; };
		CDEE05401EABAFFD00EDCAA1 /* README.md in Sources */ = {isa = PBXBuildFile; fileRef = CDEE053D1EABAFFD00EDCAA1 /* README.md */; };
		CDEE05431EABBD7600EDCAA1 /* LYNetworking.m in Sources */ = {isa = PBXBuildFile; fileRef = CDEE05421EABBD7600EDCAA1 /* LYNetworking.m */; };
/* End PBXBuildFile section */

/* Begin PBXContainerItemProxy section */
		CDEE052C1EABAE6E00EDCAA1 /* PBXContainerItemProxy */ = {
			isa = PBXContainerItemProxy;
			containerPortal = CDEE050A1EABAE6D00EDCAA1 /* Project object */;
			proxyType = 1;
			remoteGlobalIDString = CDEE05111EABAE6D00EDCAA1;
			remoteInfo = LYNetworking;
		};
/* End PBXContainerItemProxy section */

/* Begin PBXFileReference section */
		22F9005E75D991EE59F14CDE /* Pods-LYNetworking.release.xcconfig */ = {isa = PBXFileReference; includeInIndex = 1; lastKnownFileType = text.xcconfig; name = "Pods-LYNetworking.release.xcconfig"; path = "Pods/Target Support Files/Pods-LYNetworking/Pods-LYNetworking.release.xcconfig"; sourceTree = "<group>"; };
		2B313917F32B4A4FBC96B96E /* Pods_LYNetworking.framework */ = {isa = PBXFileReference; explicitFileType = wrapper.framework; includeInIndex = 0; path = Pods_LYNetworking.framework; sourceTree = BUILT_PRODUCTS_DIR; };
		64DBE7838C2C4E3284F70527 /* Pods_LYNetworkingTests.framework */ = {isa = PBXFileReference; explicitFileType = wrapper.framework; includeInIndex = 0; path = Pods_LYNetworkingTests.framework; sourceTree = BUILT_PRODUCTS_DIR; };
		CC6EF47AF1AA2428338696F7 /* Pods-LYNetworking.debug.xcconfig */ = {isa = PBXFileReference; includeInIndex = 1; lastKnownFileType = text.xcconfig; name = "Pods-LYNetworking.debug.xcconfig"; path = "Pods/Target Support Files/Pods-LYNetworking/Pods-LYNetworking.debug.xcconfig"; sourceTree = "<group>"; };
		CDEE05121EABAE6D00EDCAA1 /* LYNetworking.app */ = {isa = PBXFileReference; explicitFileType = wrapper.application; includeInIndex = 0; path = LYNetworking.app; sourceTree = BUILT_PRODUCTS_DIR; };
		CDEE05161EABAE6D00EDCAA1 /* main.m */ = {isa = PBXFileReference; lastKnownFileType = sourcecode.c.objc; path = main.m; sourceTree = "<group>"; };
		CDEE05181EABAE6D00EDCAA1 /* AppDelegate.h */ = {isa = PBXFileReference; lastKnownFileType = sourcecode.c.h; path = AppDelegate.h; sourceTree = "<group>"; };
		CDEE05191EABAE6D00EDCAA1 /* AppDelegate.m */ = {isa = PBXFileReference; lastKnownFileType = sourcecode.c.objc; path = AppDelegate.m; sourceTree = "<group>"; };
		CDEE051B1EABAE6D00EDCAA1 /* ViewController.h */ = {isa = PBXFileReference; lastKnownFileType = sourcecode.c.h; path = ViewController.h; sourceTree = "<group>"; };
		CDEE051C1EABAE6D00EDCAA1 /* ViewController.m */ = {isa = PBXFileReference; lastKnownFileType = sourcecode.c.objc; path = ViewController.m; sourceTree = "<group>"; };
		CDEE051F1EABAE6D00EDCAA1 /* Base */ = {isa = PBXFileReference; lastKnownFileType = file.storyboard; name = Base; path = Base.lproj/Main.storyboard; sourceTree = "<group>"; };
		CDEE05211EABAE6D00EDCAA1 /* Assets.xcassets */ = {isa = PBXFileReference; lastKnownFileType = folder.assetcatalog; path = Assets.xcassets; sourceTree = "<group>"; };
		CDEE05241EABAE6D00EDCAA1 /* Base */ = {isa = PBXFileReference; lastKnownFileType = file.storyboard; name = Base; path = Base.lproj/LaunchScreen.storyboard; sourceTree = "<group>"; };
		CDEE05261EABAE6D00EDCAA1 /* Info.plist */ = {isa = PBXFileReference; lastKnownFileType = text.plist.xml; path = Info.plist; sourceTree = "<group>"; };
		CDEE052B1EABAE6E00EDCAA1 /* LYNetworkingTests.xctest */ = {isa = PBXFileReference; explicitFileType = wrapper.cfbundle; includeInIndex = 0; path = LYNetworkingTests.xctest; sourceTree = BUILT_PRODUCTS_DIR; };
		CDEE052F1EABAE6E00EDCAA1 /* LYNetworkingTests.m */ = {isa = PBXFileReference; lastKnownFileType = sourcecode.c.objc; path = LYNetworkingTests.m; sourceTree = "<group>"; };
		CDEE05311EABAE6E00EDCAA1 /* Info.plist */ = {isa = PBXFileReference; lastKnownFileType = text.plist.xml; path = Info.plist; sourceTree = "<group>"; };
		CDEE053B1EABAFFD00EDCAA1 /* LICENSE */ = {isa = PBXFileReference; fileEncoding = 4; lastKnownFileType = text; path = LICENSE; sourceTree = "<group>"; };
		CDEE053C1EABAFFD00EDCAA1 /* LYNetworking.podspec */ = {isa = PBXFileReference; fileEncoding = 4; lastKnownFileType = text; path = LYNetworking.podspec; sourceTree = "<group>"; };
		CDEE053D1EABAFFD00EDCAA1 /* README.md */ = {isa = PBXFileReference; fileEncoding = 4; lastKnownFileType = net.daringfireball.markdown; path = README.md; sourceTree = "<group>"; };
		CDEE05411EABBD7600EDCAA1 /* LYNetworking.h */ = {isa = PBXFileReference; fileEncoding = 4; lastKnownFileType = sourcecode.c.h; path = LYNetworking.h; sourceTree = "<group>"; };
		CDEE05421EABBD7600EDCAA1 /* LYNetworking.m */ = {isa = PBXFileReference; fileEncoding = 4; lastKnownFileType = sourcecode.c.objc; path = LYNetworking.m; sourceTree = "<group>"; };
		D04B320295EF515CAD462591 /* Pods-LYNetworkingTests.debug.xcconfig */ = {isa = PBXFileReference; includeInIndex = 1; lastKnownFileType = text.xcconfig; name = "Pods-LYNetworkingTests.debug.xcconfig"; path = "Pods/Target Support Files/Pods-LYNetworkingTests/Pods-LYNetworkingTests.debug.xcconfig"; sourceTree = "<group>"; };
		E1AF6921AF44969102F25447 /* Pods-LYNetworkingTests.release.xcconfig */ = {isa = PBXFileReference; includeInIndex = 1; lastKnownFileType = text.xcconfig; name = "Pods-LYNetworkingTests.release.xcconfig"; path = "Pods/Target Support Files/Pods-LYNetworkingTests/Pods-LYNetworkingTests.release.xcconfig"; sourceTree = "<group>"; };
/* End PBXFileReference section */

/* Begin PBXFrameworksBuildPhase section */
		CDEE050F1EABAE6D00EDCAA1 /* Frameworks */ = {
			isa = PBXFrameworksBuildPhase;
			buildActionMask = 2147483647;
			files = (
				88CD162A643575E16696C323 /* Pods_LYNetworking.framework in Frameworks */,
			);
			runOnlyForDeploymentPostprocessing = 0;
		};
		CDEE05281EABAE6E00EDCAA1 /* Frameworks */ = {
			isa = PBXFrameworksBuildPhase;
			buildActionMask = 2147483647;
			files = (
				6753CB7966985912E5BDB6C5 /* Pods_LYNetworkingTests.framework in Frameworks */,
			);
			runOnlyForDeploymentPostprocessing = 0;
		};
/* End PBXFrameworksBuildPhase section */

/* Begin PBXGroup section */
		B39C53202072DF6B57A6C8B1 /* Frameworks */ = {
			isa = PBXGroup;
			children = (
				2B313917F32B4A4FBC96B96E /* Pods_LYNetworking.framework */,
				64DBE7838C2C4E3284F70527 /* Pods_LYNetworkingTests.framework */,
			);
			name = Frameworks;
			sourceTree = "<group>";
		};
		BF4DAE05064DE9312F6836CC /* Pods */ = {
			isa = PBXGroup;
			children = (
				CC6EF47AF1AA2428338696F7 /* Pods-LYNetworking.debug.xcconfig */,
				22F9005E75D991EE59F14CDE /* Pods-LYNetworking.release.xcconfig */,
				D04B320295EF515CAD462591 /* Pods-LYNetworkingTests.debug.xcconfig */,
				E1AF6921AF44969102F25447 /* Pods-LYNetworkingTests.release.xcconfig */,
			);
			name = Pods;
			sourceTree = "<group>";
		};
		CDEE05091EABAE6D00EDCAA1 = {
			isa = PBXGroup;
			children = (
				CDEE053A1EABAFE200EDCAA1 /* Podspec Metadata */,
				CDEE05141EABAE6D00EDCAA1 /* Example for LYNetworking */,
				CDEE052E1EABAE6E00EDCAA1 /* LYNetworkingTests */,
				CDEE05131EABAE6D00EDCAA1 /* Products */,
				BF4DAE05064DE9312F6836CC /* Pods */,
				B39C53202072DF6B57A6C8B1 /* Frameworks */,
			);
			sourceTree = "<group>";
		};
		CDEE05131EABAE6D00EDCAA1 /* Products */ = {
			isa = PBXGroup;
			children = (
				CDEE05121EABAE6D00EDCAA1 /* LYNetworking.app */,
				CDEE052B1EABAE6E00EDCAA1 /* LYNetworkingTests.xctest */,
			);
			name = Products;
			sourceTree = "<group>";
		};
		CDEE05141EABAE6D00EDCAA1 /* Example for LYNetworking */ = {
			isa = PBXGroup;
			children = (
				CDEE05411EABBD7600EDCAA1 /* LYNetworking.h */,
				CDEE05421EABBD7600EDCAA1 /* LYNetworking.m */,
				CDEE05181EABAE6D00EDCAA1 /* AppDelegate.h */,
				CDEE05191EABAE6D00EDCAA1 /* AppDelegate.m */,
				CDEE051B1EABAE6D00EDCAA1 /* ViewController.h */,
				CDEE051C1EABAE6D00EDCAA1 /* ViewController.m */,
				CDEE051E1EABAE6D00EDCAA1 /* Main.storyboard */,
				CDEE05211EABAE6D00EDCAA1 /* Assets.xcassets */,
				CDEE05231EABAE6D00EDCAA1 /* LaunchScreen.storyboard */,
				CDEE05261EABAE6D00EDCAA1 /* Info.plist */,
				CDEE05151EABAE6D00EDCAA1 /* Supporting Files */,
			);
			name = "Example for LYNetworking";
			path = LYNetworking;
			sourceTree = "<group>";
		};
		CDEE05151EABAE6D00EDCAA1 /* Supporting Files */ = {
			isa = PBXGroup;
			children = (
				CDEE05161EABAE6D00EDCAA1 /* main.m */,
			);
			name = "Supporting Files";
			sourceTree = "<group>";
		};
		CDEE052E1EABAE6E00EDCAA1 /* LYNetworkingTests */ = {
			isa = PBXGroup;
			children = (
				CDEE052F1EABAE6E00EDCAA1 /* LYNetworkingTests.m */,
				CDEE05311EABAE6E00EDCAA1 /* Info.plist */,
			);
			path = LYNetworkingTests;
			sourceTree = "<group>";
		};
		CDEE053A1EABAFE200EDCAA1 /* Podspec Metadata */ = {
			isa = PBXGroup;
			children = (
				CDEE053B1EABAFFD00EDCAA1 /* LICENSE */,
				CDEE053C1EABAFFD00EDCAA1 /* LYNetworking.podspec */,
				CDEE053D1EABAFFD00EDCAA1 /* README.md */,
			);
			name = "Podspec Metadata";
			sourceTree = "<group>";
		};
/* End PBXGroup section */

/* Begin PBXNativeTarget section */
		CDEE05111EABAE6D00EDCAA1 /* LYNetworking */ = {
			isa = PBXNativeTarget;
			buildConfigurationList = CDEE05341EABAE6E00EDCAA1 /* Build configuration list for PBXNativeTarget "LYNetworking" */;
			buildPhases = (
				7B81190B08139F34BDA78D2B /* [CP] Check Pods Manifest.lock */,
				CDEE050E1EABAE6D00EDCAA1 /* Sources */,
				CDEE050F1EABAE6D00EDCAA1 /* Frameworks */,
				CDEE05101EABAE6D00EDCAA1 /* Resources */,
				77631410C4AC59DA1C18CD04 /* [CP] Embed Pods Frameworks */,
				CED5BEC48F9A780EAEDED1ED /* [CP] Copy Pods Resources */,
			);
			buildRules = (
			);
			dependencies = (
			);
			name = LYNetworking;
			productName = LYNetworking;
			productReference = CDEE05121EABAE6D00EDCAA1 /* LYNetworking.app */;
			productType = "com.apple.product-type.application";
		};
		CDEE052A1EABAE6E00EDCAA1 /* LYNetworkingTests */ = {
			isa = PBXNativeTarget;
			buildConfigurationList = CDEE05371EABAE6E00EDCAA1 /* Build configuration list for PBXNativeTarget "LYNetworkingTests" */;
			buildPhases = (
				D317D25C3F3352A5890FF209 /* [CP] Check Pods Manifest.lock */,
				CDEE05271EABAE6E00EDCAA1 /* Sources */,
				CDEE05281EABAE6E00EDCAA1 /* Frameworks */,
				CDEE05291EABAE6E00EDCAA1 /* Resources */,
				D580F134649D484A7DDA19D8 /* [CP] Embed Pods Frameworks */,
				4CC5E00DC426CCCD0317C3AF /* [CP] Copy Pods Resources */,
			);
			buildRules = (
			);
			dependencies = (
				CDEE052D1EABAE6E00EDCAA1 /* PBXTargetDependency */,
			);
			name = LYNetworkingTests;
			productName = LYNetworkingTests;
			productReference = CDEE052B1EABAE6E00EDCAA1 /* LYNetworkingTests.xctest */;
			productType = "com.apple.product-type.bundle.unit-test";
		};
/* End PBXNativeTarget section */

/* Begin PBXProject section */
		CDEE050A1EABAE6D00EDCAA1 /* Project object */ = {
			isa = PBXProject;
			attributes = {
				CLASSPREFIX = LY;
				LastUpgradeCheck = 0830;
				ORGANIZATIONNAME = DeveloperLY;
				TargetAttributes = {
					CDEE05111EABAE6D00EDCAA1 = {
						CreatedOnToolsVersion = 8.3.2;
						DevelopmentTeam = VW6LLKQB96;
						ProvisioningStyle = Automatic;
					};
					CDEE052A1EABAE6E00EDCAA1 = {
						CreatedOnToolsVersion = 8.3.2;
						DevelopmentTeam = VW6LLKQB96;
						ProvisioningStyle = Automatic;
						TestTargetID = CDEE05111EABAE6D00EDCAA1;
					};
				};
			};
			buildConfigurationList = CDEE050D1EABAE6D00EDCAA1 /* Build configuration list for PBXProject "LYNetworking" */;
			compatibilityVersion = "Xcode 3.2";
			developmentRegion = English;
			hasScannedForEncodings = 0;
			knownRegions = (
				en,
				Base,
			);
			mainGroup = CDEE05091EABAE6D00EDCAA1;
			productRefGroup = CDEE05131EABAE6D00EDCAA1 /* Products */;
			projectDirPath = "";
			projectRoot = "";
			targets = (
				CDEE05111EABAE6D00EDCAA1 /* LYNetworking */,
				CDEE052A1EABAE6E00EDCAA1 /* LYNetworkingTests */,
			);
		};
/* End PBXProject section */

/* Begin PBXResourcesBuildPhase section */
		CDEE05101EABAE6D00EDCAA1 /* Resources */ = {
			isa = PBXResourcesBuildPhase;
			buildActionMask = 2147483647;
			files = (
				CDEE05251EABAE6D00EDCAA1 /* LaunchScreen.storyboard in Resources */,
				CDEE05221EABAE6D00EDCAA1 /* Assets.xcassets in Resources */,
				CDEE053E1EABAFFD00EDCAA1 /* LICENSE in Resources */,
				CDEE053F1EABAFFD00EDCAA1 /* LYNetworking.podspec in Resources */,
				CDEE05201EABAE6D00EDCAA1 /* Main.storyboard in Resources */,
			);
			runOnlyForDeploymentPostprocessing = 0;
		};
		CDEE05291EABAE6E00EDCAA1 /* Resources */ = {
			isa = PBXResourcesBuildPhase;
			buildActionMask = 2147483647;
			files = (
			);
			runOnlyForDeploymentPostprocessing = 0;
		};
/* End PBXResourcesBuildPhase section */

/* Begin PBXShellScriptBuildPhase section */
		4CC5E00DC426CCCD0317C3AF /* [CP] Copy Pods Resources */ = {
			isa = PBXShellScriptBuildPhase;
			buildActionMask = 2147483647;
			files = (
			);
			inputPaths = (
			);
			name = "[CP] Copy Pods Resources";
			outputPaths = (
			);
			runOnlyForDeploymentPostprocessing = 0;
			shellPath = /bin/sh;
			shellScript = "\"${SRCROOT}/Pods/Target Support Files/Pods-LYNetworkingTests/Pods-LYNetworkingTests-resources.sh\"\n";
			showEnvVarsInLog = 0;
		};
		77631410C4AC59DA1C18CD04 /* [CP] Embed Pods Frameworks */ = {
			isa = PBXShellScriptBuildPhase;
			buildActionMask = 2147483647;
			files = (
			);
			inputPaths = (
			);
			name = "[CP] Embed Pods Frameworks";
			outputPaths = (
			);
			runOnlyForDeploymentPostprocessing = 0;
			shellPath = /bin/sh;
			shellScript = "\"${SRCROOT}/Pods/Target Support Files/Pods-LYNetworking/Pods-LYNetworking-frameworks.sh\"\n";
			showEnvVarsInLog = 0;
		};
		7B81190B08139F34BDA78D2B /* [CP] Check Pods Manifest.lock */ = {
			isa = PBXShellScriptBuildPhase;
			buildActionMask = 2147483647;
			files = (
			);
			inputPaths = (
			);
			name = "[CP] Check Pods Manifest.lock";
			outputPaths = (
			);
			runOnlyForDeploymentPostprocessing = 0;
			shellPath = /bin/sh;
			shellScript = "diff \"${PODS_PODFILE_DIR_PATH}/Podfile.lock\" \"${PODS_ROOT}/Manifest.lock\" > /dev/null\nif [ $? != 0 ] ; then\n    # print error to STDERR\n    echo \"error: The sandbox is not in sync with the Podfile.lock. Run 'pod install' or update your CocoaPods installation.\" >&2\n    exit 1\nfi\n";
			showEnvVarsInLog = 0;
		};
		CED5BEC48F9A780EAEDED1ED /* [CP] Copy Pods Resources */ = {
			isa = PBXShellScriptBuildPhase;
			buildActionMask = 2147483647;
			files = (
			);
			inputPaths = (
			);
			name = "[CP] Copy Pods Resources";
			outputPaths = (
			);
			runOnlyForDeploymentPostprocessing = 0;
			shellPath = /bin/sh;
			shellScript = "\"${SRCROOT}/Pods/Target Support Files/Pods-LYNetworking/Pods-LYNetworking-resources.sh\"\n";
			showEnvVarsInLog = 0;
		};
		D317D25C3F3352A5890FF209 /* [CP] Check Pods Manifest.lock */ = {
			isa = PBXShellScriptBuildPhase;
			buildActionMask = 2147483647;
			files = (
			);
			inputPaths = (
			);
			name = "[CP] Check Pods Manifest.lock";
			outputPaths = (
			);
			runOnlyForDeploymentPostprocessing = 0;
			shellPath = /bin/sh;
			shellScript = "diff \"${PODS_PODFILE_DIR_PATH}/Podfile.lock\" \"${PODS_ROOT}/Manifest.lock\" > /dev/null\nif [ $? != 0 ] ; then\n    # print error to STDERR\n    echo \"error: The sandbox is not in sync with the Podfile.lock. Run 'pod install' or update your CocoaPods installation.\" >&2\n    exit 1\nfi\n";
			showEnvVarsInLog = 0;
		};
		D580F134649D484A7DDA19D8 /* [CP] Embed Pods Frameworks */ = {
			isa = PBXShellScriptBuildPhase;
			buildActionMask = 2147483647;
			files = (
			);
			inputPaths = (
			);
			name = "[CP] Embed Pods Frameworks";
			outputPaths = (
			);
			runOnlyForDeploymentPostprocessing = 0;
			shellPath = /bin/sh;
			shellScript = "\"${SRCROOT}/Pods/Target Support Files/Pods-LYNetworkingTests/Pods-LYNetworkingTests-frameworks.sh\"\n";
			showEnvVarsInLog = 0;
		};
/* End PBXShellScriptBuildPhase section */

/* Begin PBXSourcesBuildPhase section */
		CDEE050E1EABAE6D00EDCAA1 /* Sources */ = {
			isa = PBXSourcesBuildPhase;
			buildActionMask = 2147483647;
			files = (
				CDEE051D1EABAE6D00EDCAA1 /* ViewController.m in Sources */,
				CDEE051A1EABAE6D00EDCAA1 /* AppDelegate.m in Sources */,
				CDEE05401EABAFFD00EDCAA1 /* README.md in Sources */,
				CDEE05431EABBD7600EDCAA1 /* LYNetworking.m in Sources */,
				CDEE05171EABAE6D00EDCAA1 /* main.m in Sources */,
			);
			runOnlyForDeploymentPostprocessing = 0;
		};
		CDEE05271EABAE6E00EDCAA1 /* Sources */ = {
			isa = PBXSourcesBuildPhase;
			buildActionMask = 2147483647;
			files = (
				CDEE05301EABAE6E00EDCAA1 /* LYNetworkingTests.m in Sources */,
			);
			runOnlyForDeploymentPostprocessing = 0;
		};
/* End PBXSourcesBuildPhase section */

/* Begin PBXTargetDependency section */
		CDEE052D1EABAE6E00EDCAA1 /* PBXTargetDependency */ = {
			isa = PBXTargetDependency;
			target = CDEE05111EABAE6D00EDCAA1 /* LYNetworking */;
			targetProxy = CDEE052C1EABAE6E00EDCAA1 /* PBXContainerItemProxy */;
		};
/* End PBXTargetDependency section */

/* Begin PBXVariantGroup section */
		CDEE051E1EABAE6D00EDCAA1 /* Main.storyboard */ = {
			isa = PBXVariantGroup;
			children = (
				CDEE051F1EABAE6D00EDCAA1 /* Base */,
			);
			name = Main.storyboard;
			sourceTree = "<group>";
		};
		CDEE05231EABAE6D00EDCAA1 /* LaunchScreen.storyboard */ = {
			isa = PBXVariantGroup;
			children = (
				CDEE05241EABAE6D00EDCAA1 /* Base */,
			);
			name = LaunchScreen.storyboard;
			sourceTree = "<group>";
		};
/* End PBXVariantGroup section */

/* Begin XCBuildConfiguration section */
		CDEE05321EABAE6E00EDCAA1 /* Debug */ = {
			isa = XCBuildConfiguration;
			buildSettings = {
				ALWAYS_SEARCH_USER_PATHS = NO;
				CLANG_ANALYZER_NONNULL = YES;
				CLANG_ANALYZER_NUMBER_OBJECT_CONVERSION = YES_AGGRESSIVE;
				CLANG_CXX_LANGUAGE_STANDARD = "gnu++0x";
				CLANG_CXX_LIBRARY = "libc++";
				CLANG_ENABLE_MODULES = YES;
				CLANG_ENABLE_OBJC_ARC = YES;
				CLANG_WARN_BOOL_CONVERSION = YES;
				CLANG_WARN_CONSTANT_CONVERSION = YES;
				CLANG_WARN_DIRECT_OBJC_ISA_USAGE = YES_ERROR;
				CLANG_WARN_DOCUMENTATION_COMMENTS = YES;
				CLANG_WARN_EMPTY_BODY = YES;
				CLANG_WARN_ENUM_CONVERSION = YES;
				CLANG_WARN_INFINITE_RECURSION = YES;
				CLANG_WARN_INT_CONVERSION = YES;
				CLANG_WARN_OBJC_ROOT_CLASS = YES_ERROR;
				CLANG_WARN_SUSPICIOUS_MOVE = YES;
				CLANG_WARN_UNREACHABLE_CODE = YES;
				CLANG_WARN__DUPLICATE_METHOD_MATCH = YES;
				"CODE_SIGN_IDENTITY[sdk=iphoneos*]" = "iPhone Developer";
				COPY_PHASE_STRIP = NO;
				DEBUG_INFORMATION_FORMAT = dwarf;
				ENABLE_STRICT_OBJC_MSGSEND = YES;
				ENABLE_TESTABILITY = YES;
				GCC_C_LANGUAGE_STANDARD = gnu99;
				GCC_DYNAMIC_NO_PIC = NO;
				GCC_NO_COMMON_BLOCKS = YES;
				GCC_OPTIMIZATION_LEVEL = 0;
				GCC_PREPROCESSOR_DEFINITIONS = (
					"DEBUG=1",
					"$(inherited)",
				);
				GCC_WARN_64_TO_32_BIT_CONVERSION = YES;
				GCC_WARN_ABOUT_RETURN_TYPE = YES_ERROR;
				GCC_WARN_UNDECLARED_SELECTOR = YES;
				GCC_WARN_UNINITIALIZED_AUTOS = YES_AGGRESSIVE;
				GCC_WARN_UNUSED_FUNCTION = YES;
				GCC_WARN_UNUSED_VARIABLE = YES;
				IPHONEOS_DEPLOYMENT_TARGET = 8.0;
				MTL_ENABLE_DEBUG_INFO = YES;
				ONLY_ACTIVE_ARCH = YES;
				SDKROOT = iphoneos;
			};
			name = Debug;
		};
		CDEE05331EABAE6E00EDCAA1 /* Release */ = {
			isa = XCBuildConfiguration;
			buildSettings = {
				ALWAYS_SEARCH_USER_PATHS = NO;
				CLANG_ANALYZER_NONNULL = YES;
				CLANG_ANALYZER_NUMBER_OBJECT_CONVERSION = YES_AGGRESSIVE;
				CLANG_CXX_LANGUAGE_STANDARD = "gnu++0x";
				CLANG_CXX_LIBRARY = "libc++";
				CLANG_ENABLE_MODULES = YES;
				CLANG_ENABLE_OBJC_ARC = YES;
				CLANG_WARN_BOOL_CONVERSION = YES;
				CLANG_WARN_CONSTANT_CONVERSION = YES;
				CLANG_WARN_DIRECT_OBJC_ISA_USAGE = YES_ERROR;
				CLANG_WARN_DOCUMENTATION_COMMENTS = YES;
				CLANG_WARN_EMPTY_BODY = YES;
				CLANG_WARN_ENUM_CONVERSION = YES;
				CLANG_WARN_INFINITE_RECURSION = YES;
				CLANG_WARN_INT_CONVERSION = YES;
				CLANG_WARN_OBJC_ROOT_CLASS = YES_ERROR;
				CLANG_WARN_SUSPICIOUS_MOVE = YES;
				CLANG_WARN_UNREACHABLE_CODE = YES;
				CLANG_WARN__DUPLICATE_METHOD_MATCH = YES;
				"CODE_SIGN_IDENTITY[sdk=iphoneos*]" = "iPhone Developer";
				COPY_PHASE_STRIP = NO;
				DEBUG_INFORMATION_FORMAT = "dwarf-with-dsym";
				ENABLE_NS_ASSERTIONS = NO;
				ENABLE_STRICT_OBJC_MSGSEND = YES;
				GCC_C_LANGUAGE_STANDARD = gnu99;
				GCC_NO_COMMON_BLOCKS = YES;
				GCC_WARN_64_TO_32_BIT_CONVERSION = YES;
				GCC_WARN_ABOUT_RETURN_TYPE = YES_ERROR;
				GCC_WARN_UNDECLARED_SELECTOR = YES;
				GCC_WARN_UNINITIALIZED_AUTOS = YES_AGGRESSIVE;
				GCC_WARN_UNUSED_FUNCTION = YES;
				GCC_WARN_UNUSED_VARIABLE = YES;
				IPHONEOS_DEPLOYMENT_TARGET = 8.0;
				MTL_ENABLE_DEBUG_INFO = NO;
				SDKROOT = iphoneos;
				VALIDATE_PRODUCT = YES;
			};
			name = Release;
		};
		CDEE05351EABAE6E00EDCAA1 /* Debug */ = {
			isa = XCBuildConfiguration;
			baseConfigurationReference = CC6EF47AF1AA2428338696F7 /* Pods-LYNetworking.debug.xcconfig */;
			buildSettings = {
				ASSETCATALOG_COMPILER_APPICON_NAME = AppIcon;
				DEVELOPMENT_TEAM = VW6LLKQB96;
				INFOPLIST_FILE = LYNetworking/Info.plist;
				LD_RUNPATH_SEARCH_PATHS = "$(inherited) @executable_path/Frameworks";
				PRODUCT_BUNDLE_IDENTIFIER = net.developerly.LYNetworking;
				PRODUCT_NAME = "$(TARGET_NAME)";
			};
			name = Debug;
		};
		CDEE05361EABAE6E00EDCAA1 /* Release */ = {
			isa = XCBuildConfiguration;
			baseConfigurationReference = 22F9005E75D991EE59F14CDE /* Pods-LYNetworking.release.xcconfig */;
			buildSettings = {
				ASSETCATALOG_COMPILER_APPICON_NAME = AppIcon;
				DEVELOPMENT_TEAM = VW6LLKQB96;
				INFOPLIST_FILE = LYNetworking/Info.plist;
				LD_RUNPATH_SEARCH_PATHS = "$(inherited) @executable_path/Frameworks";
				PRODUCT_BUNDLE_IDENTIFIER = net.developerly.LYNetworking;
				PRODUCT_NAME = "$(TARGET_NAME)";
			};
			name = Release;
		};
		CDEE05381EABAE6E00EDCAA1 /* Debug */ = {
			isa = XCBuildConfiguration;
			baseConfigurationReference = D04B320295EF515CAD462591 /* Pods-LYNetworkingTests.debug.xcconfig */;
			buildSettings = {
				BUNDLE_LOADER = "$(TEST_HOST)";
				DEVELOPMENT_TEAM = VW6LLKQB96;
				INFOPLIST_FILE = LYNetworkingTests/Info.plist;
				LD_RUNPATH_SEARCH_PATHS = "$(inherited) @executable_path/Frameworks @loader_path/Frameworks";
				PRODUCT_BUNDLE_IDENTIFIER = net.developerly.LYNetworkingTests;
				PRODUCT_NAME = "$(TARGET_NAME)";
				TEST_HOST = "$(BUILT_PRODUCTS_DIR)/LYNetworking.app/LYNetworking";
			};
			name = Debug;
		};
		CDEE05391EABAE6E00EDCAA1 /* Release */ = {
			isa = XCBuildConfiguration;
			baseConfigurationReference = E1AF6921AF44969102F25447 /* Pods-LYNetworkingTests.release.xcconfig */;
			buildSettings = {
				BUNDLE_LOADER = "$(TEST_HOST)";
				DEVELOPMENT_TEAM = VW6LLKQB96;
				INFOPLIST_FILE = LYNetworkingTests/Info.plist;
				LD_RUNPATH_SEARCH_PATHS = "$(inherited) @executable_path/Frameworks @loader_path/Frameworks";
				PRODUCT_BUNDLE_IDENTIFIER = net.developerly.LYNetworkingTests;
				PRODUCT_NAME = "$(TARGET_NAME)";
				TEST_HOST = "$(BUILT_PRODUCTS_DIR)/LYNetworking.app/LYNetworking";
			};
			name = Release;
		};
/* End XCBuildConfiguration section */

/* Begin XCConfigurationList section */
		CDEE050D1EABAE6D00EDCAA1 /* Build configuration list for PBXProject "LYNetworking" */ = {
			isa = XCConfigurationList;
			buildConfigurations = (
				CDEE05321EABAE6E00EDCAA1 /* Debug */,
				CDEE05331EABAE6E00EDCAA1 /* Release */,
			);
			defaultConfigurationIsVisible = 0;
			defaultConfigurationName = Release;
		};
		CDEE05341EABAE6E00EDCAA1 /* Build configuration list for PBXNativeTarget "LYNetworking" */ = {
			isa = XCConfigurationList;
			buildConfigurations = (
				CDEE05351EABAE6E00EDCAA1 /* Debug */,
				CDEE05361EABAE6E00EDCAA1 /* Release */,
			);
			defaultConfigurationIsVisible = 0;
			defaultConfigurationName = Release;
		};
		CDEE05371EABAE6E00EDCAA1 /* Build configuration list for PBXNativeTarget "LYNetworkingTests" */ = {
			isa = XCConfigurationList;
			buildConfigurations = (
				CDEE05381EABAE6E00EDCAA1 /* Debug */,
				CDEE05391EABAE6E00EDCAA1 /* Release */,
			);
			defaultConfigurationIsVisible = 0;
			defaultConfigurationName = Release;
		};
/* End XCConfigurationList section */
	};
	rootObject = CDEE050A1EABAE6D00EDCAA1 /* Project object */;
}
